// !$*UTF8*$!
{
	archiveVersion = 1;
	classes = {
	};
	objectVersion = 46;
	objects = {

/* Begin PBXBuildFile section */
		839EE8CB169529DE00B9DCA8 /* Foundation.framework in Frameworks */ = {isa = PBXBuildFile; fileRef = 839EE8CA169529DE00B9DCA8 /* Foundation.framework */; };
		839EE8DA169529DE00B9DCA8 /* SenTestingKit.framework in Frameworks */ = {isa = PBXBuildFile; fileRef = 839EE8D9169529DE00B9DCA8 /* SenTestingKit.framework */; };
		839EE8DD169529DE00B9DCA8 /* Foundation.framework in Frameworks */ = {isa = PBXBuildFile; fileRef = 839EE8CA169529DE00B9DCA8 /* Foundation.framework */; };
		839EE8E0169529DE00B9DCA8 /* libEZForm.a in Frameworks */ = {isa = PBXBuildFile; fileRef = 839EE8C7169529DE00B9DCA8 /* libEZForm.a */; };
		839EE8E6169529DE00B9DCA8 /* InfoPlist.strings in Resources */ = {isa = PBXBuildFile; fileRef = 839EE8E4169529DE00B9DCA8 /* InfoPlist.strings */; };
		839EE8E9169529DE00B9DCA8 /* EZFormTests.m in Sources */ = {isa = PBXBuildFile; fileRef = 839EE8E8169529DE00B9DCA8 /* EZFormTests.m */; };
		839EE91916952AB900B9DCA8 /* UIKit.framework in Frameworks */ = {isa = PBXBuildFile; fileRef = 839EE91816952AB900B9DCA8 /* UIKit.framework */; };
		E9978A901941C0E100370F54 /* EZFormContinuousField.m in Sources */ = {isa = PBXBuildFile; fileRef = E9978A711941C0E100370F54 /* EZFormContinuousField.m */; };
		E9978A911941C0E100370F54 /* EZFormInputControl.m in Sources */ = {isa = PBXBuildFile; fileRef = E9978A721941C0E100370F54 /* EZFormInputControl.m */; };
		E9978A921941C0E100370F54 /* EZFormRadioField.m in Sources */ = {isa = PBXBuildFile; fileRef = E9978A741941C0E100370F54 /* EZFormRadioField.m */; };
		E9978A931941C0E100370F54 /* EZFormStandardInputAccessoryView.m in Sources */ = {isa = PBXBuildFile; fileRef = E9978A751941C0E100370F54 /* EZFormStandardInputAccessoryView.m */; };
		E9978A941941C0E100370F54 /* EZFormTextField.m in Sources */ = {isa = PBXBuildFile; fileRef = E9978A761941C0E100370F54 /* EZFormTextField.m */; };
		E9978A951941C0E100370F54 /* EZForm.m in Sources */ = {isa = PBXBuildFile; fileRef = E9978A771941C0E100370F54 /* EZForm.m */; };
		E9978A961941C0E100370F54 /* EZFormBooleanField.m in Sources */ = {isa = PBXBuildFile; fileRef = E9978A7A1941C0E100370F54 /* EZFormBooleanField.m */; };
		E9978A971941C0E100370F54 /* EZFormCommonValidators.m in Sources */ = {isa = PBXBuildFile; fileRef = E9978A7B1941C0E100370F54 /* EZFormCommonValidators.m */; };
		E9978A981941C0E100370F54 /* EZFormDateField.m in Sources */ = {isa = PBXBuildFile; fileRef = E9978A7D1941C0E100370F54 /* EZFormDateField.m */; };
		E9978A991941C0E100370F54 /* EZFormField.m in Sources */ = {isa = PBXBuildFile; fileRef = E9978A7F1941C0E100370F54 /* EZFormField.m */; };
		E9978A9A1941C0E100370F54 /* EZFormGenericField.m in Sources */ = {isa = PBXBuildFile; fileRef = E9978A831941C0E100370F54 /* EZFormGenericField.m */; };
		E9978A9B1941C0E100370F54 /* EZFormInvalidIndicatorTriangleExclamationView.m in Sources */ = {isa = PBXBuildFile; fileRef = E9978A871941C0E100370F54 /* EZFormInvalidIndicatorTriangleExclamationView.m */; };
		E9978A9C1941C0E100370F54 /* EZFormMultiRadioFormField.m in Sources */ = {isa = PBXBuildFile; fileRef = E9978A891941C0E100370F54 /* EZFormMultiRadioFormField.m */; };
		E9978A9D1941C0E100370F54 /* EZFormRadioChoiceViewController.m in Sources */ = {isa = PBXBuildFile; fileRef = E9978A8B1941C0E100370F54 /* EZFormRadioChoiceViewController.m */; };
		E9978A9E1941C0E100370F54 /* UIView+EZFormUtility.m in Sources */ = {isa = PBXBuildFile; fileRef = E9978A8F1941C0E100370F54 /* UIView+EZFormUtility.m */; };
/* End PBXBuildFile section */

/* Begin PBXContainerItemProxy section */
		839EE8DE169529DE00B9DCA8 /* PBXContainerItemProxy */ = {
			isa = PBXContainerItemProxy;
			containerPortal = 839EE8BE169529DE00B9DCA8 /* Project object */;
			proxyType = 1;
			remoteGlobalIDString = 839EE8C6169529DE00B9DCA8;
			remoteInfo = EZForm;
		};
/* End PBXContainerItemProxy section */

/* Begin PBXCopyFilesBuildPhase section */
		839EE8C5169529DE00B9DCA8 /* CopyFiles */ = {
			isa = PBXCopyFilesBuildPhase;
			buildActionMask = 2147483647;
			dstPath = "include/${PRODUCT_NAME}";
			dstSubfolderSpec = 16;
			files = (
			);
			runOnlyForDeploymentPostprocessing = 0;
		};
/* End PBXCopyFilesBuildPhase section */

/* Begin PBXFileReference section */
		839EE8C7169529DE00B9DCA8 /* libEZForm.a */ = {isa = PBXFileReference; explicitFileType = archive.ar; includeInIndex = 0; path = libEZForm.a; sourceTree = BUILT_PRODUCTS_DIR; };
		839EE8CA169529DE00B9DCA8 /* Foundation.framework */ = {isa = PBXFileReference; lastKnownFileType = wrapper.framework; name = Foundation.framework; path = System/Library/Frameworks/Foundation.framework; sourceTree = SDKROOT; };
		839EE8CE169529DE00B9DCA8 /* EZForm-Prefix.pch */ = {isa = PBXFileReference; lastKnownFileType = sourcecode.c.h; path = "EZForm-Prefix.pch"; sourceTree = "<group>"; };
		839EE8D8169529DE00B9DCA8 /* EZFormTests.octest */ = {isa = PBXFileReference; explicitFileType = wrapper.cfbundle; includeInIndex = 0; path = EZFormTests.octest; sourceTree = BUILT_PRODUCTS_DIR; };
		839EE8D9169529DE00B9DCA8 /* SenTestingKit.framework */ = {isa = PBXFileReference; lastKnownFileType = wrapper.framework; name = SenTestingKit.framework; path = Library/Frameworks/SenTestingKit.framework; sourceTree = DEVELOPER_DIR; };
		839EE8E3169529DE00B9DCA8 /* EZFormTests-Info.plist */ = {isa = PBXFileReference; lastKnownFileType = text.plist.xml; path = "EZFormTests-Info.plist"; sourceTree = "<group>"; };
		839EE8E5169529DE00B9DCA8 /* en */ = {isa = PBXFileReference; lastKnownFileType = text.plist.strings; name = en; path = en.lproj/InfoPlist.strings; sourceTree = "<group>"; };
		839EE8E7169529DE00B9DCA8 /* EZFormTests.h */ = {isa = PBXFileReference; lastKnownFileType = sourcecode.c.h; path = EZFormTests.h; sourceTree = "<group>"; };
		839EE8E8169529DE00B9DCA8 /* EZFormTests.m */ = {isa = PBXFileReference; lastKnownFileType = sourcecode.c.objc; path = EZFormTests.m; sourceTree = "<group>"; };
		839EE91816952AB900B9DCA8 /* UIKit.framework */ = {isa = PBXFileReference; lastKnownFileType = wrapper.framework; name = UIKit.framework; path = System/Library/Frameworks/UIKit.framework; sourceTree = SDKROOT; };
		E9978A6E1941C0E100370F54 /* EZForm.h */ = {isa = PBXFileReference; fileEncoding = 4; lastKnownFileType = sourcecode.c.h; path = EZForm.h; sourceTree = "<group>"; };
		E9978A6F1941C0E100370F54 /* EZFormCommonValidators.h */ = {isa = PBXFileReference; fileEncoding = 4; lastKnownFileType = sourcecode.c.h; path = EZFormCommonValidators.h; sourceTree = "<group>"; };
		E9978A701941C0E100370F54 /* EZFormContinuousField.h */ = {isa = PBXFileReference; fileEncoding = 4; lastKnownFileType = sourcecode.c.h; path = EZFormContinuousField.h; sourceTree = "<group>"; };
		E9978A711941C0E100370F54 /* EZFormContinuousField.m */ = {isa = PBXFileReference; fileEncoding = 4; lastKnownFileType = sourcecode.c.objc; path = EZFormContinuousField.m; sourceTree = "<group>"; };
		E9978A721941C0E100370F54 /* EZFormInputControl.m */ = {isa = PBXFileReference; fileEncoding = 4; lastKnownFileType = sourcecode.c.objc; path = EZFormInputControl.m; sourceTree = "<group>"; };
		E9978A731941C0E100370F54 /* EZFormRadioField.h */ = {isa = PBXFileReference; fileEncoding = 4; lastKnownFileType = sourcecode.c.h; path = EZFormRadioField.h; sourceTree = "<group>"; };
		E9978A741941C0E100370F54 /* EZFormRadioField.m */ = {isa = PBXFileReference; fileEncoding = 4; lastKnownFileType = sourcecode.c.objc; path = EZFormRadioField.m; sourceTree = "<group>"; };
		E9978A751941C0E100370F54 /* EZFormStandardInputAccessoryView.m */ = {isa = PBXFileReference; fileEncoding = 4; lastKnownFileType = sourcecode.c.objc; path = EZFormStandardInputAccessoryView.m; sourceTree = "<group>"; };
		E9978A761941C0E100370F54 /* EZFormTextField.m */ = {isa = PBXFileReference; fileEncoding = 4; lastKnownFileType = sourcecode.c.objc; path = EZFormTextField.m; sourceTree = "<group>"; };
		E9978A771941C0E100370F54 /* EZForm.m */ = {isa = PBXFileReference; fileEncoding = 4; lastKnownFileType = sourcecode.c.objc; path = EZForm.m; sourceTree = "<group>"; };
		E9978A781941C0E100370F54 /* EZForm+Private.h */ = {isa = PBXFileReference; fileEncoding = 4; lastKnownFileType = sourcecode.c.h; path = "EZForm+Private.h"; sourceTree = "<group>"; };
		E9978A791941C0E100370F54 /* EZFormBooleanField.h */ = {isa = PBXFileReference; fileEncoding = 4; lastKnownFileType = sourcecode.c.h; path = EZFormBooleanField.h; sourceTree = "<group>"; };
		E9978A7A1941C0E100370F54 /* EZFormBooleanField.m */ = {isa = PBXFileReference; fileEncoding = 4; lastKnownFileType = sourcecode.c.objc; path = EZFormBooleanField.m; sourceTree = "<group>"; };
		E9978A7B1941C0E100370F54 /* EZFormCommonValidators.m */ = {isa = PBXFileReference; fileEncoding = 4; lastKnownFileType = sourcecode.c.objc; path = EZFormCommonValidators.m; sourceTree = "<group>"; };
		E9978A7C1941C0E100370F54 /* EZFormDateField.h */ = {isa = PBXFileReference; fileEncoding = 4; lastKnownFileType = sourcecode.c.h; path = EZFormDateField.h; sourceTree = "<group>"; };
		E9978A7D1941C0E100370F54 /* EZFormDateField.m */ = {isa = PBXFileReference; fileEncoding = 4; lastKnownFileType = sourcecode.c.objc; path = EZFormDateField.m; sourceTree = "<group>"; };
		E9978A7E1941C0E100370F54 /* EZFormField.h */ = {isa = PBXFileReference; fileEncoding = 4; lastKnownFileType = sourcecode.c.h; path = EZFormField.h; sourceTree = "<group>"; };
		E9978A7F1941C0E100370F54 /* EZFormField.m */ = {isa = PBXFileReference; fileEncoding = 4; lastKnownFileType = sourcecode.c.objc; path = EZFormField.m; sourceTree = "<group>"; };
		E9978A801941C0E100370F54 /* EZFormField+Private.h */ = {isa = PBXFileReference; fileEncoding = 4; lastKnownFileType = sourcecode.c.h; path = "EZFormField+Private.h"; sourceTree = "<group>"; };
		E9978A811941C0E100370F54 /* EZFormFieldConcreteProtocol.h */ = {isa = PBXFileReference; fileEncoding = 4; lastKnownFileType = sourcecode.c.h; path = EZFormFieldConcreteProtocol.h; sourceTree = "<group>"; };
		E9978A821941C0E100370F54 /* EZFormGenericField.h */ = {isa = PBXFileReference; fileEncoding = 4; lastKnownFileType = sourcecode.c.h; path = EZFormGenericField.h; sourceTree = "<group>"; };
		E9978A831941C0E100370F54 /* EZFormGenericField.m */ = {isa = PBXFileReference; fileEncoding = 4; lastKnownFileType = sourcecode.c.objc; path = EZFormGenericField.m; sourceTree = "<group>"; };
		E9978A841941C0E100370F54 /* EZFormInputAccessoryViewProtocols.h */ = {isa = PBXFileReference; fileEncoding = 4; lastKnownFileType = sourcecode.c.h; path = EZFormInputAccessoryViewProtocols.h; sourceTree = "<group>"; };
		E9978A851941C0E100370F54 /* EZFormInputControl.h */ = {isa = PBXFileReference; fileEncoding = 4; lastKnownFileType = sourcecode.c.h; path = EZFormInputControl.h; sourceTree = "<group>"; };
		E9978A861941C0E100370F54 /* EZFormInvalidIndicatorTriangleExclamationView.h */ = {isa = PBXFileReference; fileEncoding = 4; lastKnownFileType = sourcecode.c.h; path = EZFormInvalidIndicatorTriangleExclamationView.h; sourceTree = "<group>"; };
		E9978A871941C0E100370F54 /* EZFormInvalidIndicatorTriangleExclamationView.m */ = {isa = PBXFileReference; fileEncoding = 4; lastKnownFileType = sourcecode.c.objc; path = EZFormInvalidIndicatorTriangleExclamationView.m; sourceTree = "<group>"; };
		E9978A881941C0E100370F54 /* EZFormMultiRadioFormField.h */ = {isa = PBXFileReference; fileEncoding = 4; lastKnownFileType = sourcecode.c.h; path = EZFormMultiRadioFormField.h; sourceTree = "<group>"; };
		E9978A891941C0E100370F54 /* EZFormMultiRadioFormField.m */ = {isa = PBXFileReference; fileEncoding = 4; lastKnownFileType = sourcecode.c.objc; path = EZFormMultiRadioFormField.m; sourceTree = "<group>"; };
		E9978A8A1941C0E100370F54 /* EZFormRadioChoiceViewController.h */ = {isa = PBXFileReference; fileEncoding = 4; lastKnownFileType = sourcecode.c.h; path = EZFormRadioChoiceViewController.h; sourceTree = "<group>"; };
		E9978A8B1941C0E100370F54 /* EZFormRadioChoiceViewController.m */ = {isa = PBXFileReference; fileEncoding = 4; lastKnownFileType = sourcecode.c.objc; path = EZFormRadioChoiceViewController.m; sourceTree = "<group>"; };
		E9978A8C1941C0E100370F54 /* EZFormStandardInputAccessoryView.h */ = {isa = PBXFileReference; fileEncoding = 4; lastKnownFileType = sourcecode.c.h; path = EZFormStandardInputAccessoryView.h; sourceTree = "<group>"; };
		E9978A8D1941C0E100370F54 /* EZFormTextField.h */ = {isa = PBXFileReference; fileEncoding = 4; lastKnownFileType = sourcecode.c.h; path = EZFormTextField.h; sourceTree = "<group>"; };
		E9978A8E1941C0E100370F54 /* UIView+EZFormUtility.h */ = {isa = PBXFileReference; fileEncoding = 4; lastKnownFileType = sourcecode.c.h; path = "UIView+EZFormUtility.h"; sourceTree = "<group>"; };
		E9978A8F1941C0E100370F54 /* UIView+EZFormUtility.m */ = {isa = PBXFileReference; fileEncoding = 4; lastKnownFileType = sourcecode.c.objc; path = "UIView+EZFormUtility.m"; sourceTree = "<group>"; };
/* End PBXFileReference section */

/* Begin PBXFrameworksBuildPhase section */
		839EE8C4169529DE00B9DCA8 /* Frameworks */ = {
			isa = PBXFrameworksBuildPhase;
			buildActionMask = 2147483647;
			files = (
				839EE91916952AB900B9DCA8 /* UIKit.framework in Frameworks */,
				839EE8CB169529DE00B9DCA8 /* Foundation.framework in Frameworks */,
			);
			runOnlyForDeploymentPostprocessing = 0;
		};
		839EE8D4169529DE00B9DCA8 /* Frameworks */ = {
			isa = PBXFrameworksBuildPhase;
			buildActionMask = 2147483647;
			files = (
				839EE8DA169529DE00B9DCA8 /* SenTestingKit.framework in Frameworks */,
				839EE8DD169529DE00B9DCA8 /* Foundation.framework in Frameworks */,
				839EE8E0169529DE00B9DCA8 /* libEZForm.a in Frameworks */,
			);
			runOnlyForDeploymentPostprocessing = 0;
		};
/* End PBXFrameworksBuildPhase section */

/* Begin PBXGroup section */
		839EE8BC169529DE00B9DCA8 = {
			isa = PBXGroup;
			children = (
				839EE8CC169529DE00B9DCA8 /* EZForm */,
				839EE8E1169529DE00B9DCA8 /* EZFormTests */,
				839EE8C9169529DE00B9DCA8 /* Frameworks */,
				839EE8C8169529DE00B9DCA8 /* Products */,
			);
			indentWidth = 4;
			sourceTree = "<group>";
			tabWidth = 8;
			usesTabs = 0;
		};
		839EE8C8169529DE00B9DCA8 /* Products */ = {
			isa = PBXGroup;
			children = (
				839EE8C7169529DE00B9DCA8 /* libEZForm.a */,
				839EE8D8169529DE00B9DCA8 /* EZFormTests.octest */,
			);
			name = Products;
			sourceTree = "<group>";
		};
		839EE8C9169529DE00B9DCA8 /* Frameworks */ = {
			isa = PBXGroup;
			children = (
				839EE8CA169529DE00B9DCA8 /* Foundation.framework */,
				839EE8D9169529DE00B9DCA8 /* SenTestingKit.framework */,
				839EE91816952AB900B9DCA8 /* UIKit.framework */,
			);
			name = Frameworks;
			sourceTree = "<group>";
		};
		839EE8CC169529DE00B9DCA8 /* EZForm */ = {
			isa = PBXGroup;
			children = (
				E9978A6E1941C0E100370F54 /* EZForm.h */,
				E9978A6F1941C0E100370F54 /* EZFormCommonValidators.h */,
				E9978A701941C0E100370F54 /* EZFormContinuousField.h */,
				E9978A711941C0E100370F54 /* EZFormContinuousField.m */,
				E9978A721941C0E100370F54 /* EZFormInputControl.m */,
				E9978A731941C0E100370F54 /* EZFormRadioField.h */,
				E9978A741941C0E100370F54 /* EZFormRadioField.m */,
				E9978A751941C0E100370F54 /* EZFormStandardInputAccessoryView.m */,
				E9978A761941C0E100370F54 /* EZFormTextField.m */,
				E9978A771941C0E100370F54 /* EZForm.m */,
				E9978A781941C0E100370F54 /* EZForm+Private.h */,
				E9978A791941C0E100370F54 /* EZFormBooleanField.h */,
				E9978A7A1941C0E100370F54 /* EZFormBooleanField.m */,
				E9978A7B1941C0E100370F54 /* EZFormCommonValidators.m */,
				E9978A7C1941C0E100370F54 /* EZFormDateField.h */,
				E9978A7D1941C0E100370F54 /* EZFormDateField.m */,
				E9978A7E1941C0E100370F54 /* EZFormField.h */,
				E9978A7F1941C0E100370F54 /* EZFormField.m */,
				E9978A801941C0E100370F54 /* EZFormField+Private.h */,
				E9978A811941C0E100370F54 /* EZFormFieldConcreteProtocol.h */,
				E9978A821941C0E100370F54 /* EZFormGenericField.h */,
				E9978A831941C0E100370F54 /* EZFormGenericField.m */,
				E9978A841941C0E100370F54 /* EZFormInputAccessoryViewProtocols.h */,
				E9978A851941C0E100370F54 /* EZFormInputControl.h */,
				E9978A861941C0E100370F54 /* EZFormInvalidIndicatorTriangleExclamationView.h */,
				E9978A871941C0E100370F54 /* EZFormInvalidIndicatorTriangleExclamationView.m */,
				E9978A881941C0E100370F54 /* EZFormMultiRadioFormField.h */,
				E9978A891941C0E100370F54 /* EZFormMultiRadioFormField.m */,
				E9978A8A1941C0E100370F54 /* EZFormRadioChoiceViewController.h */,
				E9978A8B1941C0E100370F54 /* EZFormRadioChoiceViewController.m */,
				E9978A8C1941C0E100370F54 /* EZFormStandardInputAccessoryView.h */,
				E9978A8D1941C0E100370F54 /* EZFormTextField.h */,
				E9978A8E1941C0E100370F54 /* UIView+EZFormUtility.h */,
				E9978A8F1941C0E100370F54 /* UIView+EZFormUtility.m */,
				839EE8CD169529DE00B9DCA8 /* Supporting Files */,
			);
			path = EZForm;
			sourceTree = "<group>";
		};
		839EE8CD169529DE00B9DCA8 /* Supporting Files */ = {
			isa = PBXGroup;
			children = (
				839EE8CE169529DE00B9DCA8 /* EZForm-Prefix.pch */,
			);
			name = "Supporting Files";
			sourceTree = "<group>";
		};
		839EE8E1169529DE00B9DCA8 /* EZFormTests */ = {
			isa = PBXGroup;
			children = (
				839EE8E7169529DE00B9DCA8 /* EZFormTests.h */,
				839EE8E8169529DE00B9DCA8 /* EZFormTests.m */,
				839EE8E2169529DE00B9DCA8 /* Supporting Files */,
			);
			path = EZFormTests;
			sourceTree = "<group>";
		};
		839EE8E2169529DE00B9DCA8 /* Supporting Files */ = {
			isa = PBXGroup;
			children = (
				839EE8E3169529DE00B9DCA8 /* EZFormTests-Info.plist */,
				839EE8E4169529DE00B9DCA8 /* InfoPlist.strings */,
			);
			name = "Supporting Files";
			sourceTree = "<group>";
		};
/* End PBXGroup section */

/* Begin PBXNativeTarget section */
		839EE8C6169529DE00B9DCA8 /* EZForm */ = {
			isa = PBXNativeTarget;
			buildConfigurationList = 839EE8EC169529DE00B9DCA8 /* Build configuration list for PBXNativeTarget "EZForm" */;
			buildPhases = (
				839EE8C3169529DE00B9DCA8 /* Sources */,
				839EE8C4169529DE00B9DCA8 /* Frameworks */,
				839EE8C5169529DE00B9DCA8 /* CopyFiles */,
			);
			buildRules = (
			);
			dependencies = (
			);
			name = EZForm;
			productName = EZForm;
			productReference = 839EE8C7169529DE00B9DCA8 /* libEZForm.a */;
			productType = "com.apple.product-type.library.static";
		};
		839EE8D7169529DE00B9DCA8 /* EZFormTests */ = {
			isa = PBXNativeTarget;
			buildConfigurationList = 839EE8EF169529DE00B9DCA8 /* Build configuration list for PBXNativeTarget "EZFormTests" */;
			buildPhases = (
				839EE8D3169529DE00B9DCA8 /* Sources */,
				839EE8D4169529DE00B9DCA8 /* Frameworks */,
				839EE8D5169529DE00B9DCA8 /* Resources */,
				839EE8D6169529DE00B9DCA8 /* ShellScript */,
			);
			buildRules = (
			);
			dependencies = (
				839EE8DF169529DE00B9DCA8 /* PBXTargetDependency */,
			);
			name = EZFormTests;
			productName = EZFormTests;
			productReference = 839EE8D8169529DE00B9DCA8 /* EZFormTests.octest */;
			productType = "com.apple.product-type.bundle";
		};
/* End PBXNativeTarget section */

/* Begin PBXProject section */
		839EE8BE169529DE00B9DCA8 /* Project object */ = {
			isa = PBXProject;
			attributes = {
				CLASSPREFIX = EZForm;
				LastUpgradeCheck = 0500;
				ORGANIZATIONNAME = "Chris Miles";
			};
			buildConfigurationList = 839EE8C1169529DE00B9DCA8 /* Build configuration list for PBXProject "EZForm" */;
			compatibilityVersion = "Xcode 3.2";
			developmentRegion = English;
			hasScannedForEncodings = 0;
			knownRegions = (
				en,
			);
			mainGroup = 839EE8BC169529DE00B9DCA8;
			productRefGroup = 839EE8C8169529DE00B9DCA8 /* Products */;
			projectDirPath = "";
			projectRoot = "";
			targets = (
				839EE8C6169529DE00B9DCA8 /* EZForm */,
				839EE8D7169529DE00B9DCA8 /* EZFormTests */,
			);
		};
/* End PBXProject section */

/* Begin PBXResourcesBuildPhase section */
		839EE8D5169529DE00B9DCA8 /* Resources */ = {
			isa = PBXResourcesBuildPhase;
			buildActionMask = 2147483647;
			files = (
				839EE8E6169529DE00B9DCA8 /* InfoPlist.strings in Resources */,
			);
			runOnlyForDeploymentPostprocessing = 0;
		};
/* End PBXResourcesBuildPhase section */

/* Begin PBXShellScriptBuildPhase section */
		839EE8D6169529DE00B9DCA8 /* ShellScript */ = {
			isa = PBXShellScriptBuildPhase;
			buildActionMask = 2147483647;
			files = (
			);
			inputPaths = (
			);
			outputPaths = (
			);
			runOnlyForDeploymentPostprocessing = 0;
			shellPath = /bin/sh;
			shellScript = "# Run the unit tests in this test bundle.\n\"${SYSTEM_DEVELOPER_DIR}/Tools/RunUnitTests\"\n";
		};
/* End PBXShellScriptBuildPhase section */

/* Begin PBXSourcesBuildPhase section */
		839EE8C3169529DE00B9DCA8 /* Sources */ = {
			isa = PBXSourcesBuildPhase;
			buildActionMask = 2147483647;
			files = (
				E9978A971941C0E100370F54 /* EZFormCommonValidators.m in Sources */,
				E9978A991941C0E100370F54 /* EZFormField.m in Sources */,
				E9978A931941C0E100370F54 /* EZFormStandardInputAccessoryView.m in Sources */,
				E9978A9B1941C0E100370F54 /* EZFormInvalidIndicatorTriangleExclamationView.m in Sources */,
				E9978A921941C0E100370F54 /* EZFormRadioField.m in Sources */,
				E9978A9E1941C0E100370F54 /* UIView+EZFormUtility.m in Sources */,
				E9978A901941C0E100370F54 /* EZFormContinuousField.m in Sources */,
				E9978A9D1941C0E100370F54 /* EZFormRadioChoiceViewController.m in Sources */,
				E9978A9A1941C0E100370F54 /* EZFormGenericField.m in Sources */,
				E9978A961941C0E100370F54 /* EZFormBooleanField.m in Sources */,
				E9978A911941C0E100370F54 /* EZFormInputControl.m in Sources */,
				E9978A951941C0E100370F54 /* EZForm.m in Sources */,
				E9978A981941C0E100370F54 /* EZFormDateField.m in Sources */,
				E9978A941941C0E100370F54 /* EZFormTextField.m in Sources */,
				E9978A9C1941C0E100370F54 /* EZFormMultiRadioFormField.m in Sources */,
			);
			runOnlyForDeploymentPostprocessing = 0;
		};
		839EE8D3169529DE00B9DCA8 /* Sources */ = {
			isa = PBXSourcesBuildPhase;
			buildActionMask = 2147483647;
			files = (
				839EE8E9169529DE00B9DCA8 /* EZFormTests.m in Sources */,
			);
			runOnlyForDeploymentPostprocessing = 0;
		};
/* End PBXSourcesBuildPhase section */

/* Begin PBXTargetDependency section */
		839EE8DF169529DE00B9DCA8 /* PBXTargetDependency */ = {
			isa = PBXTargetDependency;
			target = 839EE8C6169529DE00B9DCA8 /* EZForm */;
			targetProxy = 839EE8DE169529DE00B9DCA8 /* PBXContainerItemProxy */;
		};
/* End PBXTargetDependency section */

/* Begin PBXVariantGroup section */
		839EE8E4169529DE00B9DCA8 /* InfoPlist.strings */ = {
			isa = PBXVariantGroup;
			children = (
				839EE8E5169529DE00B9DCA8 /* en */,
			);
			name = InfoPlist.strings;
			sourceTree = "<group>";
		};
/* End PBXVariantGroup section */

/* Begin XCBuildConfiguration section */
		839EE8EA169529DE00B9DCA8 /* Debug */ = {
			isa = XCBuildConfiguration;
			buildSettings = {
				ALWAYS_SEARCH_USER_PATHS = NO;
				ARCHS = armv7;
				CLANG_ANALYZER_SECURITY_FLOATLOOPCOUNTER = YES;
				CLANG_ANALYZER_SECURITY_INSECUREAPI_RAND = YES;
				CLANG_ANALYZER_SECURITY_INSECUREAPI_STRCPY = YES;
				CLANG_CXX_LANGUAGE_STANDARD = "gnu++0x";
				CLANG_CXX_LIBRARY = "libc++";
				CLANG_WARN_CXX0X_EXTENSIONS = YES;
				CLANG_WARN_DEPRECATED_OBJC_IMPLEMENTATIONS = YES;
				CLANG_WARN_EMPTY_BODY = YES;
				CLANG_WARN_IMPLICIT_SIGN_CONVERSION = YES;
				CLANG_WARN_OBJC_IMPLICIT_ATOMIC_PROPERTIES = YES;
				CLANG_WARN_OBJC_RECEIVER_WEAK = YES;
				CLANG_WARN_SUSPICIOUS_IMPLICIT_CONVERSION = YES;
				CLANG_WARN__DUPLICATE_METHOD_MATCH = YES;
				CLANG_WARN__EXIT_TIME_DESTRUCTORS = YES;
				COPY_PHASE_STRIP = NO;
				GCC_C_LANGUAGE_STANDARD = gnu99;
				GCC_DYNAMIC_NO_PIC = NO;
				GCC_OPTIMIZATION_LEVEL = 0;
				GCC_PREPROCESSOR_DEFINITIONS = (
					"DEBUG=1",
					"$(inherited)",
				);
				GCC_SYMBOLS_PRIVATE_EXTERN = NO;
				GCC_TREAT_IMPLICIT_FUNCTION_DECLARATIONS_AS_ERRORS = YES;
				GCC_TREAT_INCOMPATIBLE_POINTER_TYPE_WARNINGS_AS_ERRORS = YES;
				GCC_TREAT_WARNINGS_AS_ERRORS = YES;
				GCC_WARN_64_TO_32_BIT_CONVERSION = YES;
				GCC_WARN_ABOUT_MISSING_FIELD_INITIALIZERS = YES;
				GCC_WARN_ABOUT_MISSING_NEWLINE = YES;
				GCC_WARN_ABOUT_MISSING_PROTOTYPES = YES;
				GCC_WARN_ABOUT_RETURN_TYPE = YES;
				GCC_WARN_FOUR_CHARACTER_CONSTANTS = YES;
				GCC_WARN_HIDDEN_VIRTUAL_FUNCTIONS = YES;
				GCC_WARN_INITIALIZER_NOT_FULLY_BRACKETED = YES;
				GCC_WARN_MULTIPLE_DEFINITION_TYPES_FOR_SELECTOR = YES;
				GCC_WARN_NON_VIRTUAL_DESTRUCTOR = YES;
				GCC_WARN_SHADOW = YES;
				GCC_WARN_SIGN_COMPARE = YES;
				GCC_WARN_STRICT_SELECTOR_MATCH = YES;
				GCC_WARN_UNDECLARED_SELECTOR = YES;
				GCC_WARN_UNINITIALIZED_AUTOS = YES;
				GCC_WARN_UNKNOWN_PRAGMAS = YES;
				GCC_WARN_UNUSED_FUNCTION = YES;
				GCC_WARN_UNUSED_LABEL = YES;
				GCC_WARN_UNUSED_PARAMETER = YES;
				GCC_WARN_UNUSED_VARIABLE = YES;
				IPHONEOS_DEPLOYMENT_TARGET = 5.0;
				RUN_CLANG_STATIC_ANALYZER = YES;
				SDKROOT = iphoneos;
				VALID_ARCHS = armv7;
				WARNING_CFLAGS = (
					"-Weverything",
					"-Wno-gnu",
					"-Wno-pedantic",
					"-Wno-objc-missing-property-synthesis",
					"-Wno-direct-ivar-access",
					"-Wno-unknown-warning-option",
				);
			};
			name = Debug;
		};
		839EE8EB169529DE00B9DCA8 /* Release */ = {
			isa = XCBuildConfiguration;
			buildSettings = {
				ALWAYS_SEARCH_USER_PATHS = NO;
				ARCHS = armv7;
				CLANG_ANALYZER_SECURITY_FLOATLOOPCOUNTER = YES;
				CLANG_ANALYZER_SECURITY_INSECUREAPI_RAND = YES;
				CLANG_ANALYZER_SECURITY_INSECUREAPI_STRCPY = YES;
				CLANG_CXX_LANGUAGE_STANDARD = "gnu++0x";
				CLANG_CXX_LIBRARY = "libc++";
				CLANG_WARN_CXX0X_EXTENSIONS = YES;
				CLANG_WARN_DEPRECATED_OBJC_IMPLEMENTATIONS = YES;
				CLANG_WARN_EMPTY_BODY = YES;
				CLANG_WARN_IMPLICIT_SIGN_CONVERSION = YES;
				CLANG_WARN_OBJC_IMPLICIT_ATOMIC_PROPERTIES = YES;
				CLANG_WARN_OBJC_RECEIVER_WEAK = YES;
				CLANG_WARN_SUSPICIOUS_IMPLICIT_CONVERSION = YES;
				CLANG_WARN__DUPLICATE_METHOD_MATCH = YES;
				CLANG_WARN__EXIT_TIME_DESTRUCTORS = YES;
				COPY_PHASE_STRIP = YES;
				GCC_C_LANGUAGE_STANDARD = gnu99;
				GCC_TREAT_IMPLICIT_FUNCTION_DECLARATIONS_AS_ERRORS = YES;
				GCC_TREAT_INCOMPATIBLE_POINTER_TYPE_WARNINGS_AS_ERRORS = YES;
				GCC_TREAT_WARNINGS_AS_ERRORS = YES;
				GCC_WARN_64_TO_32_BIT_CONVERSION = YES;
				GCC_WARN_ABOUT_MISSING_FIELD_INITIALIZERS = YES;
				GCC_WARN_ABOUT_MISSING_NEWLINE = YES;
				GCC_WARN_ABOUT_MISSING_PROTOTYPES = YES;
				GCC_WARN_ABOUT_RETURN_TYPE = YES;
				GCC_WARN_FOUR_CHARACTER_CONSTANTS = YES;
				GCC_WARN_HIDDEN_VIRTUAL_FUNCTIONS = YES;
				GCC_WARN_INITIALIZER_NOT_FULLY_BRACKETED = YES;
				GCC_WARN_MULTIPLE_DEFINITION_TYPES_FOR_SELECTOR = YES;
				GCC_WARN_NON_VIRTUAL_DESTRUCTOR = YES;
				GCC_WARN_SHADOW = YES;
				GCC_WARN_SIGN_COMPARE = YES;
				GCC_WARN_STRICT_SELECTOR_MATCH = YES;
				GCC_WARN_UNDECLARED_SELECTOR = YES;
				GCC_WARN_UNINITIALIZED_AUTOS = YES;
				GCC_WARN_UNKNOWN_PRAGMAS = YES;
				GCC_WARN_UNUSED_FUNCTION = YES;
				GCC_WARN_UNUSED_LABEL = YES;
				GCC_WARN_UNUSED_PARAMETER = YES;
				GCC_WARN_UNUSED_VARIABLE = YES;
				IPHONEOS_DEPLOYMENT_TARGET = 5.0;
				RUN_CLANG_STATIC_ANALYZER = YES;
				SDKROOT = iphoneos;
				VALIDATE_PRODUCT = YES;
				VALID_ARCHS = armv7;
				WARNING_CFLAGS = (
					"-Weverything",
					"-Wno-gnu",
					"-Wno-pedantic",
					"-Wno-objc-missing-property-synthesis",
					"-Wno-direct-ivar-access",
					"-Wno-unknown-warning-option",
				);
			};
			name = Release;
		};
		839EE8ED169529DE00B9DCA8 /* Debug */ = {
			isa = XCBuildConfiguration;
			buildSettings = {
				ARCHS = armv7;
				CLANG_ENABLE_OBJC_ARC = YES;
				DSTROOT = /tmp/xcodeproj.dst;
				GCC_PRECOMPILE_PREFIX_HEADER = YES;
				GCC_PREFIX_HEADER = "EZForm/EZForm-Prefix.pch";
				INSTALL_PATH = "$(BUILT_PRODUCTS_DIR)";
				PRODUCT_NAME = "$(TARGET_NAME)";
				SKIP_INSTALL = YES;
				VALID_ARCHS = armv7;
			};
			name = Debug;
		};
		839EE8EE169529DE00B9DCA8 /* Release */ = {
			isa = XCBuildConfiguration;
			buildSettings = {
				ARCHS = armv7;
				CLANG_ENABLE_OBJC_ARC = YES;
				DSTROOT = /tmp/xcodeproj.dst;
				GCC_PRECOMPILE_PREFIX_HEADER = YES;
				GCC_PREFIX_HEADER = "EZForm/EZForm-Prefix.pch";
				INSTALL_PATH = "$(BUILT_PRODUCTS_DIR)";
				PRODUCT_NAME = "$(TARGET_NAME)";
				SKIP_INSTALL = YES;
				VALID_ARCHS = armv7;
			};
			name = Release;
		};
		839EE8F0169529DE00B9DCA8 /* Debug */ = {
			isa = XCBuildConfiguration;
			buildSettings = {
				FRAMEWORK_SEARCH_PATHS = (
					"\"$(SDKROOT)/Developer/Library/Frameworks\"",
					"\"$(DEVELOPER_LIBRARY_DIR)/Frameworks\"",
				);
				GCC_PRECOMPILE_PREFIX_HEADER = YES;
				GCC_PREFIX_HEADER = "EZForm/EZForm-Prefix.pch";
				INFOPLIST_FILE = "EZFormTests/EZFormTests-Info.plist";
				PRODUCT_NAME = "$(TARGET_NAME)";
				WRAPPER_EXTENSION = octest;
			};
			name = Debug;
		};
		839EE8F1169529DE00B9DCA8 /* Release */ = {
			isa = XCBuildConfiguration;
			buildSettings = {
				FRAMEWORK_SEARCH_PATHS = (
					"\"$(SDKROOT)/Developer/Library/Frameworks\"",
					"\"$(DEVELOPER_LIBRARY_DIR)/Frameworks\"",
				);
				GCC_PRECOMPILE_PREFIX_HEADER = YES;
				GCC_PREFIX_HEADER = "EZForm/EZForm-Prefix.pch";
				INFOPLIST_FILE = "EZFormTests/EZFormTests-Info.plist";
				PRODUCT_NAME = "$(TARGET_NAME)";
				WRAPPER_EXTENSION = octest;
			};
			name = Release;
		};
/* End XCBuildConfiguration section */

/* Begin XCConfigurationList section */
		839EE8C1169529DE00B9DCA8 /* Build configuration list for PBXProject "EZForm" */ = {
			isa = XCConfigurationList;
			buildConfigurations = (
				839EE8EA169529DE00B9DCA8 /* Debug */,
				839EE8EB169529DE00B9DCA8 /* Release */,
			);
			defaultConfigurationIsVisible = 0;
			defaultConfigurationName = Release;
		};
		839EE8EC169529DE00B9DCA8 /* Build configuration list for PBXNativeTarget "EZForm" */ = {
			isa = XCConfigurationList;
			buildConfigurations = (
				839EE8ED169529DE00B9DCA8 /* Debug */,
				839EE8EE169529DE00B9DCA8 /* Release */,
			);
			defaultConfigurationIsVisible = 0;
			defaultConfigurationName = Release;
		};
		839EE8EF169529DE00B9DCA8 /* Build configuration list for PBXNativeTarget "EZFormTests" */ = {
			isa = XCConfigurationList;
			buildConfigurations = (
				839EE8F0169529DE00B9DCA8 /* Debug */,
				839EE8F1169529DE00B9DCA8 /* Release */,
			);
			defaultConfigurationIsVisible = 0;
			defaultConfigurationName = Release;
		};
/* End XCConfigurationList section */
	};
	rootObject = 839EE8BE169529DE00B9DCA8 /* Project object */;
}
